// !$*UTF8*$!
{
	archiveVersion = 1;
	classes = {
	};
	objectVersion = 56;
	objects = {

/* Begin PBXBuildFile section */
		879EDDD828F64D0E0068D97D /* AppDelegate.swift in Sources */ = {isa = PBXBuildFile; fileRef = 879EDDD728F64D0E0068D97D /* AppDelegate.swift */; };
		879EDDDA28F64D0E0068D97D /* SceneDelegate.swift in Sources */ = {isa = PBXBuildFile; fileRef = 879EDDD928F64D0E0068D97D /* SceneDelegate.swift */; };
		879EDDDC28F64D0E0068D97D /* ViewController.swift in Sources */ = {isa = PBXBuildFile; fileRef = 879EDDDB28F64D0E0068D97D /* ViewController.swift */; };
		879EDDDF28F64D0E0068D97D /* Main.storyboard in Resources */ = {isa = PBXBuildFile; fileRef = 879EDDDD28F64D0E0068D97D /* Main.storyboard */; };
		879EDDE128F64D0F0068D97D /* Assets.xcassets in Resources */ = {isa = PBXBuildFile; fileRef = 879EDDE028F64D0F0068D97D /* Assets.xcassets */; };
		879EDDE428F64D0F0068D97D /* LaunchScreen.storyboard in Resources */ = {isa = PBXBuildFile; fileRef = 879EDDE228F64D0F0068D97D /* LaunchScreen.storyboard */; };
		879EDDEC28F64F520068D97D /* MainScreenViewController.swift in Sources */ = {isa = PBXBuildFile; fileRef = 879EDDEB28F64F520068D97D /* MainScreenViewController.swift */; };
		879EDDEE28F651450068D97D /* Service.swift in Sources */ = {isa = PBXBuildFile; fileRef = 879EDDED28F651450068D97D /* Service.swift */; };
/* End PBXBuildFile section */

/* Begin PBXFileReference section */
		879EDDD428F64D0E0068D97D /* DispatchGroupSampleApp.app */ = {isa = PBXFileReference; explicitFileType = wrapper.application; includeInIndex = 0; path = DispatchGroupSampleApp.app; sourceTree = BUILT_PRODUCTS_DIR; };
		879EDDD728F64D0E0068D97D /* AppDelegate.swift */ = {isa = PBXFileReference; lastKnownFileType = sourcecode.swift; path = AppDelegate.swift; sourceTree = "<group>"; };
		879EDDD928F64D0E0068D97D /* SceneDelegate.swift */ = {isa = PBXFileReference; lastKnownFileType = sourcecode.swift; path = SceneDelegate.swift; sourceTree = "<group>"; };
		879EDDDB28F64D0E0068D97D /* ViewController.swift */ = {isa = PBXFileReference; lastKnownFileType = sourcecode.swift; path = ViewController.swift; sourceTree = "<group>"; };
		879EDDDE28F64D0E0068D97D /* Base */ = {isa = PBXFileReference; lastKnownFileType = file.storyboard; name = Base; path = Base.lproj/Main.storyboard; sourceTree = "<group>"; };
		879EDDE028F64D0F0068D97D /* Assets.xcassets */ = {isa = PBXFileReference; lastKnownFileType = folder.assetcatalog; path = Assets.xcassets; sourceTree = "<group>"; };
		879EDDE328F64D0F0068D97D /* Base */ = {isa = PBXFileReference; lastKnownFileType = file.storyboard; name = Base; path = Base.lproj/LaunchScreen.storyboard; sourceTree = "<group>"; };
		879EDDE528F64D0F0068D97D /* Info.plist */ = {isa = PBXFileReference; lastKnownFileType = text.plist.xml; path = Info.plist; sourceTree = "<group>"; };
		879EDDEB28F64F520068D97D /* MainScreenViewController.swift */ = {isa = PBXFileReference; lastKnownFileType = sourcecode.swift; path = MainScreenViewController.swift; sourceTree = "<group>"; };
		879EDDED28F651450068D97D /* Service.swift */ = {isa = PBXFileReference; lastKnownFileType = sourcecode.swift; path = Service.swift; sourceTree = "<group>"; };
/* End PBXFileReference section */

/* Begin PBXFrameworksBuildPhase section */
		879EDDD128F64D0E0068D97D /* Frameworks */ = {
			isa = PBXFrameworksBuildPhase;
			buildActionMask = 2147483647;
			files = (
			);
			runOnlyForDeploymentPostprocessing = 0;
		};
/* End PBXFrameworksBuildPhase section */

/* Begin PBXGroup section */
		879EDDCB28F64D0E0068D97D = {
			isa = PBXGroup;
			children = (
				879EDDD628F64D0E0068D97D /* DispatchGroupSampleApp */,
				879EDDD528F64D0E0068D97D /* Products */,
			);
			sourceTree = "<group>";
		};
		879EDDD528F64D0E0068D97D /* Products */ = {
			isa = PBXGroup;
			children = (
				879EDDD428F64D0E0068D97D /* DispatchGroupSampleApp.app */,
			);
			name = Products;
			sourceTree = "<group>";
		};
		879EDDD628F64D0E0068D97D /* DispatchGroupSampleApp */ = {
			isa = PBXGroup;
			children = (
				879EDDD728F64D0E0068D97D /* AppDelegate.swift */,
				879EDDD928F64D0E0068D97D /* SceneDelegate.swift */,
				879EDDDB28F64D0E0068D97D /* ViewController.swift */,
				879EDDEB28F64F520068D97D /* MainScreenViewController.swift */,
				879EDDED28F651450068D97D /* Service.swift */,
				879EDDDD28F64D0E0068D97D /* Main.storyboard */,
				879EDDE028F64D0F0068D97D /* Assets.xcassets */,
				879EDDE228F64D0F0068D97D /* LaunchScreen.storyboard */,
				879EDDE528F64D0F0068D97D /* Info.plist */,
			);
			path = DispatchGroupSampleApp;
			sourceTree = "<group>";
		};
/* End PBXGroup section */

/* Begin PBXNativeTarget section */
		879EDDD328F64D0E0068D97D /* DispatchGroupSampleApp */ = {
			isa = PBXNativeTarget;
			buildConfigurationList = 879EDDE828F64D0F0068D97D /* Build configuration list for PBXNativeTarget "DispatchGroupSampleApp" */;
			buildPhases = (
				879EDDD028F64D0E0068D97D /* Sources */,
				879EDDD128F64D0E0068D97D /* Frameworks */,
				879EDDD228F64D0E0068D97D /* Resources */,
			);
			buildRules = (
			);
			dependencies = (
			);
			name = DispatchGroupSampleApp;
			productName = DispatchGroupSampleApp;
			productReference = 879EDDD428F64D0E0068D97D /* DispatchGroupSampleApp.app */;
			productType = "com.apple.product-type.application";
		};
/* End PBXNativeTarget section */

/* Begin PBXProject section */
		879EDDCC28F64D0E0068D97D /* Project object */ = {
			isa = PBXProject;
			attributes = {
				BuildIndependentTargetsInParallel = 1;
				LastSwiftUpdateCheck = 1400;
				LastUpgradeCheck = 1400;
				TargetAttributes = {
					879EDDD328F64D0E0068D97D = {
						CreatedOnToolsVersion = 14.0.1;
					};
				};
			};
			buildConfigurationList = 879EDDCF28F64D0E0068D97D /* Build configuration list for PBXProject "DispatchGroupSampleApp" */;
			compatibilityVersion = "Xcode 14.0";
			developmentRegion = en;
			hasScannedForEncodings = 0;
			knownRegions = (
				en,
				Base,
			);
			mainGroup = 879EDDCB28F64D0E0068D97D;
			productRefGroup = 879EDDD528F64D0E0068D97D /* Products */;
			projectDirPath = "";
			projectRoot = "";
			targets = (
				879EDDD328F64D0E0068D97D /* DispatchGroupSampleApp */,
			);
		};
/* End PBXProject section */

/* Begin PBXResourcesBuildPhase section */
		879EDDD228F64D0E0068D97D /* Resources */ = {
			isa = PBXResourcesBuildPhase;
			buildActionMask = 2147483647;
			files = (
				879EDDE428F64D0F0068D97D /* LaunchScreen.storyboard in Resources */,
				879EDDE128F64D0F0068D97D /* Assets.xcassets in Resources */,
				879EDDDF28F64D0E0068D97D /* Main.storyboard in Resources */,
			);
			runOnlyForDeploymentPostprocessing = 0;
		};
/* End PBXResourcesBuildPhase section */

/* Begin PBXSourcesBuildPhase section */
		879EDDD028F64D0E0068D97D /* Sources */ = {
			isa = PBXSourcesBuildPhase;
			buildActionMask = 2147483647;
			files = (
				879EDDEE28F651450068D97D /* Service.swift in Sources */,
				879EDDDC28F64D0E0068D97D /* ViewController.swift in Sources */,
				879EDDEC28F64F520068D97D /* MainScreenViewController.swift in Sources */,
				879EDDD828F64D0E0068D97D /* AppDelegate.swift in Sources */,
				879EDDDA28F64D0E0068D97D /* SceneDelegate.swift in Sources */,
			);
			runOnlyForDeploymentPostprocessing = 0;
		};
/* End PBXSourcesBuildPhase section */

/* Begin PBXVariantGroup section */
		879EDDDD28F64D0E0068D97D /* Main.storyboard */ = {
			isa = PBXVariantGroup;
			children = (
				879EDDDE28F64D0E0068D97D /* Base */,
			);
			name = Main.storyboard;
			sourceTree = "<group>";
		};
		879EDDE228F64D0F0068D97D /* LaunchScreen.storyboard */ = {
			isa = PBXVariantGroup;
			children = (
				879EDDE328F64D0F0068D97D /* Base */,
			);
			name = LaunchScreen.storyboard;
			sourceTree = "<group>";
		};
/* End PBXVariantGroup section */

/* Begin XCBuildConfiguration section */
		879EDDE628F64D0F0068D97D /* Debug */ = {
			isa = XCBuildConfiguration;
			buildSettings = {
				ALWAYS_SEARCH_USER_PATHS = NO;
				CLANG_ANALYZER_NONNULL = YES;
				CLANG_ANALYZER_NUMBER_OBJECT_CONVERSION = YES_AGGRESSIVE;
				CLANG_CXX_LANGUAGE_STANDARD = "gnu++20";
				CLANG_ENABLE_MODULES = YES;
				CLANG_ENABLE_OBJC_ARC = YES;
				CLANG_ENABLE_OBJC_WEAK = YES;
				CLANG_WARN_BLOCK_CAPTURE_AUTORELEASING = YES;
				CLANG_WARN_BOOL_CONVERSION = YES;
				CLANG_WARN_COMMA = YES;
				CLANG_WARN_CONSTANT_CONVERSION = YES;
				CLANG_WARN_DEPRECATED_OBJC_IMPLEMENTATIONS = YES;
				CLANG_WARN_DIRECT_OBJC_ISA_USAGE = YES_ERROR;
				CLANG_WARN_DOCUMENTATION_COMMENTS = YES;
				CLANG_WARN_EMPTY_BODY = YES;
				CLANG_WARN_ENUM_CONVERSION = YES;
				CLANG_WARN_INFINITE_RECURSION = YES;
				CLANG_WARN_INT_CONVERSION = YES;
				CLANG_WARN_NON_LITERAL_NULL_CONVERSION = YES;
				CLANG_WARN_OBJC_IMPLICIT_RETAIN_SELF = YES;
				CLANG_WARN_OBJC_LITERAL_CONVERSION = YES;
				CLANG_WARN_OBJC_ROOT_CLASS = YES_ERROR;
				CLANG_WARN_QUOTED_INCLUDE_IN_FRAMEWORK_HEADER = YES;
				CLANG_WARN_RANGE_LOOP_ANALYSIS = YES;
				CLANG_WARN_STRICT_PROTOTYPES = YES;
				CLANG_WARN_SUSPICIOUS_MOVE = YES;
				CLANG_WARN_UNGUARDED_AVAILABILITY = YES_AGGRESSIVE;
				CLANG_WARN_UNREACHABLE_CODE = YES;
				CLANG_WARN__DUPLICATE_METHOD_MATCH = YES;
				COPY_PHASE_STRIP = NO;
				DEBUG_INFORMATION_FORMAT = dwarf;
				ENABLE_STRICT_OBJC_MSGSEND = YES;
				ENABLE_TESTABILITY = YES;
				GCC_C_LANGUAGE_STANDARD = gnu11;
				GCC_DYNAMIC_NO_PIC = NO;
				GCC_NO_COMMON_BLOCKS = YES;
				GCC_OPTIMIZATION_LEVEL = 0;
				GCC_PREPROCESSOR_DEFINITIONS = (
					"DEBUG=1",
					"$(inherited)",
				);
				GCC_WARN_64_TO_32_BIT_CONVERSION = YES;
				GCC_WARN_ABOUT_RETURN_TYPE = YES_ERROR;
				GCC_WARN_UNDECLARED_SELECTOR = YES;
				GCC_WARN_UNINITIALIZED_AUTOS = YES_AGGRESSIVE;
				GCC_WARN_UNUSED_FUNCTION = YES;
				GCC_WARN_UNUSED_VARIABLE = YES;
				IPHONEOS_DEPLOYMENT_TARGET = 16.0;
				MTL_ENABLE_DEBUG_INFO = INCLUDE_SOURCE;
				MTL_FAST_MATH = YES;
				ONLY_ACTIVE_ARCH = YES;
				SDKROOT = iphoneos;
				SWIFT_ACTIVE_COMPILATION_CONDITIONS = DEBUG;
				SWIFT_OPTIMIZATION_LEVEL = "-Onone";
			};
			name = Debug;
		};
		879EDDE728F64D0F0068D97D /* Release */ = {
			isa = XCBuildConfiguration;
			buildSettings = {
				ALWAYS_SEARCH_USER_PATHS = NO;
				CLANG_ANALYZER_NONNULL = YES;
				CLANG_ANALYZER_NUMBER_OBJECT_CONVERSION = YES_AGGRESSIVE;
				CLANG_CXX_LANGUAGE_STANDARD = "gnu++20";
				CLANG_ENABLE_MODULES = YES;
				CLANG_ENABLE_OBJC_ARC = YES;
				CLANG_ENABLE_OBJC_WEAK = YES;
				CLANG_WARN_BLOCK_CAPTURE_AUTORELEASING = YES;
				CLANG_WARN_BOOL_CONVERSION = YES;
				CLANG_WARN_COMMA = YES;
				CLANG_WARN_CONSTANT_CONVERSION = YES;
				CLANG_WARN_DEPRECATED_OBJC_IMPLEMENTATIONS = YES;
				CLANG_WARN_DIRECT_OBJC_ISA_USAGE = YES_ERROR;
				CLANG_WARN_DOCUMENTATION_COMMENTS = YES;
				CLANG_WARN_EMPTY_BODY = YES;
				CLANG_WARN_ENUM_CONVERSION = YES;
				CLANG_WARN_INFINITE_RECURSION = YES;
				CLANG_WARN_INT_CONVERSION = YES;
				CLANG_WARN_NON_LITERAL_NULL_CONVERSION = YES;
				CLANG_WARN_OBJC_IMPLICIT_RETAIN_SELF = YES;
				CLANG_WARN_OBJC_LITERAL_CONVERSION = YES;
				CLANG_WARN_OBJC_ROOT_CLASS = YES_ERROR;
				CLANG_WARN_QUOTED_INCLUDE_IN_FRAMEWORK_HEADER = YES;
				CLANG_WARN_RANGE_LOOP_ANALYSIS = YES;
				CLANG_WARN_STRICT_PROTOTYPES = YES;
				CLANG_WARN_SUSPICIOUS_MOVE = YES;
				CLANG_WARN_UNGUARDED_AVAILABILITY = YES_AGGRESSIVE;
				CLANG_WARN_UNREACHABLE_CODE = YES;
				CLANG_WARN__DUPLICATE_METHOD_MATCH = YES;
				COPY_PHASE_STRIP = NO;
				DEBUG_INFORMATION_FORMAT = "dwarf-with-dsym";
				ENABLE_NS_ASSERTIONS = NO;
				ENABLE_STRICT_OBJC_MSGSEND = YES;
				GCC_C_LANGUAGE_STANDARD = gnu11;
				GCC_NO_COMMON_BLOCKS = YES;
				GCC_WARN_64_TO_32_BIT_CONVERSION = YES;
				GCC_WARN_ABOUT_RETURN_TYPE = YES_ERROR;
				GCC_WARN_UNDECLARED_SELECTOR = YES;
				GCC_WARN_UNINITIALIZED_AUTOS = YES_AGGRESSIVE;
				GCC_WARN_UNUSED_FUNCTION = YES;
				GCC_WARN_UNUSED_VARIABLE = YES;
				IPHONEOS_DEPLOYMENT_TARGET = 16.0;
				MTL_ENABLE_DEBUG_INFO = NO;
				MTL_FAST_MATH = YES;
				SDKROOT = iphoneos;
				SWIFT_COMPILATION_MODE = wholemodule;
				SWIFT_OPTIMIZATION_LEVEL = "-O";
				VALIDATE_PRODUCT = YES;
			};
			name = Release;
		};
		879EDDE928F64D0F0068D97D /* Debug */ = {
			isa = XCBuildConfiguration;
			buildSettings = {
				ASSETCATALOG_COMPILER_APPICON_NAME = AppIcon;
				ASSETCATALOG_COMPILER_GLOBAL_ACCENT_COLOR_NAME = AccentColor;
				CODE_SIGN_STYLE = Automatic;
				CURRENT_PROJECT_VERSION = 1;
				DEVELOPMENT_TEAM = 88FR82M73F;
				GENERATE_INFOPLIST_FILE = YES;
				INFOPLIST_FILE = DispatchGroupSampleApp/Info.plist;
				INFOPLIST_KEY_UIApplicationSupportsIndirectInputEvents = YES;
				INFOPLIST_KEY_UILaunchStoryboardName = LaunchScreen;
				INFOPLIST_KEY_UIMainStoryboardFile = Main;
				INFOPLIST_KEY_UISupportedInterfaceOrientations_iPad = "UIInterfaceOrientationPortrait UIInterfaceOrientationPortraitUpsideDown UIInterfaceOrientationLandscapeLeft UIInterfaceOrientationLandscapeRight";
				INFOPLIST_KEY_UISupportedInterfaceOrientations_iPhone = "UIInterfaceOrientationPortrait UIInterfaceOrientationLandscapeLeft UIInterfaceOrientationLandscapeRight";
				IPHONEOS_DEPLOYMENT_TARGET = 14.0;
				LD_RUNPATH_SEARCH_PATHS = (
					"$(inherited)",
					"@executable_path/Frameworks",
				);
				MARKETING_VERSION = 1.0;
				PRODUCT_BUNDLE_IDENTIFIER = tech.jiwon.DispatchGroupSampleApp;
				PRODUCT_NAME = "$(TARGET_NAME)";
				SWIFT_EMIT_LOC_STRINGS = YES;
				SWIFT_VERSION = 5.0;
				TARGETED_DEVICE_FAMILY = "1,2";
			};
			name = Debug;
		};
		879EDDEA28F64D0F0068D97D /* Release */ = {
			isa = XCBuildConfiguration;
			buildSettings = {
				ASSETCATALOG_COMPILER_APPICON_NAME = AppIcon;
				ASSETCATALOG_COMPILER_GLOBAL_ACCENT_COLOR_NAME = AccentColor;
				CODE_SIGN_STYLE = Automatic;
				CURRENT_PROJECT_VERSION = 1;
				DEVELOPMENT_TEAM = 88FR82M73F;
				GENERATE_INFOPLIST_FILE = YES;
				INFOPLIST_FILE = DispatchGroupSampleApp/Info.plist;
				INFOPLIST_KEY_UIApplicationSupportsIndirectInputEvents = YES;
				INFOPLIST_KEY_UILaunchStoryboardName = LaunchScreen;
				INFOPLIST_KEY_UIMainStoryboardFile = Main;
				INFOPLIST_KEY_UISupportedInterfaceOrientations_iPad = "UIInterfaceOrientationPortrait UIInterfaceOrientationPortraitUpsideDown UIInterfaceOrientationLandscapeLeft UIInterfaceOrientationLandscapeRight";
				INFOPLIST_KEY_UISupportedInterfaceOrientations_iPhone = "UIInterfaceOrientationPortrait UIInterfaceOrientationLandscapeLeft UIInterfaceOrientationLandscapeRight";
				IPHONEOS_DEPLOYMENT_TARGET = 14.0;
				LD_RUNPATH_SEARCH_PATHS = (
					"$(inherited)",
					"@executable_path/Frameworks",
				);
				MARKETING_VERSION = 1.0;
				PRODUCT_BUNDLE_IDENTIFIER = tech.jiwon.DispatchGroupSampleApp;
				PRODUCT_NAME = "$(TARGET_NAME)";
				SWIFT_EMIT_LOC_STRINGS = YES;
				SWIFT_VERSION = 5.0;
				TARGETED_DEVICE_FAMILY = "1,2";
			};
			name = Release;
		};
/* End XCBuildConfiguration section */

/* Begin XCConfigurationList section */
		879EDDCF28F64D0E0068D97D /* Build configuration list for PBXProject "DispatchGroupSampleApp" */ = {
			isa = XCConfigurationList;
			buildConfigurations = (
				879EDDE628F64D0F0068D97D /* Debug */,
				879EDDE728F64D0F0068D97D /* Release */,
			);
			defaultConfigurationIsVisible = 0;
			defaultConfigurationName = Release;
		};
		879EDDE828F64D0F0068D97D /* Build configuration list for PBXNativeTarget "DispatchGroupSampleApp" */ = {
			isa = XCConfigurationList;
			buildConfigurations = (
				879EDDE928F64D0F0068D97D /* Debug */,
				879EDDEA28F64D0F0068D97D /* Release */,
			);
			defaultConfigurationIsVisible = 0;
			defaultConfigurationName = Release;
		};
/* End XCConfigurationList section */
	};
	rootObject = 879EDDCC28F64D0E0068D97D /* Project object */;
}
